// !$*UTF8*$!
{
	archiveVersion = 1;
	classes = {
	};
	objectVersion = 77;
	objects = {

/* Begin PBXBuildFile section */
		A1B2C3D40000000000000B01 /* ScanCore in Frameworks */ = {isa = PBXBuildFile; productRef = A1B2C3D40000000000000C01 /* ScanCore */; };
		A1B2C3D40000000000000B02 /* PDFCore in Frameworks */ = {isa = PBXBuildFile; productRef = A1B2C3D40000000000000C02 /* PDFCore */; };
		A1B2C3D40000000000000B03 /* ScanSession in Frameworks */ = {isa = PBXBuildFile; productRef = A1B2C3D40000000000000C03 /* ScanSession */; };
/* End PBXBuildFile section */

/* Begin PBXContainerItemProxy section */
		A1B2C3D40000000000000D01 /* PBXContainerItemProxy */ = {
			isa = PBXContainerItemProxy;
			containerPortal = A1B2C3D40000000000000001 /* Project object */;
			proxyType = 1;
			remoteGlobalIDString = A1B2C3D40000000000000E01;
			remoteInfo = PDFToolbox;
		};
/* End PBXContainerItemProxy section */

/* Begin PBXFileReference section */
		A1B2C3D40000000000000F01 /* PDFToolbox.app */ = {isa = PBXFileReference; explicitFileType = wrapper.application; includeInIndex = 0; name = PDFToolbox.app; path = "Holy PDF.app"; sourceTree = BUILT_PRODUCTS_DIR; };
		A1B2C3D40000000000000F02 /* PDFToolboxTests.xctest */ = {isa = PBXFileReference; explicitFileType = wrapper.cfbundle; includeInIndex = 0; path = PDFToolboxTests.xctest; sourceTree = BUILT_PRODUCTS_DIR; };
		A1B2C3D40000000000000F03 /* PDFToolbox.entitlements */ = {isa = PBXFileReference; lastKnownFileType = text.plist.entitlements; path = PDFToolbox.entitlements; sourceTree = "<group>"; };
/* End PBXFileReference section */

/* Begin PBXFileSystemSynchronizedRootGroup section */
		A1B2C3D40000000000001001 /* PDFToolbox */ = {
			isa = PBXFileSystemSynchronizedRootGroup;
			path = PDFToolbox;
			sourceTree = "<group>";
		};
		A1B2C3D40000000000001002 /* PDFToolboxTests */ = {
			isa = PBXFileSystemSynchronizedRootGroup;
			path = PDFToolboxTests;
			sourceTree = "<group>";
		};
/* End PBXFileSystemSynchronizedRootGroup section */

/* Begin PBXFrameworksBuildPhase section */
		A1B2C3D40000000000002001 /* Frameworks */ = {
			isa = PBXFrameworksBuildPhase;
			buildActionMask = 2147483647;
			files = (
				A1B2C3D40000000000000B01 /* ScanCore in Frameworks */,
				A1B2C3D40000000000000B02 /* PDFCore in Frameworks */,
				A1B2C3D40000000000000B03 /* ScanSession in Frameworks */,
			);
			runOnlyForDeploymentPostprocessing = 0;
		};
		A1B2C3D40000000000002002 /* Frameworks */ = {
			isa = PBXFrameworksBuildPhase;
			buildActionMask = 2147483647;
			files = (
			);
			runOnlyForDeploymentPostprocessing = 0;
		};
/* End PBXFrameworksBuildPhase section */

/* Begin PBXGroup section */
		A1B2C3D40000000000003001 = {
			isa = PBXGroup;
			children = (
				A1B2C3D40000000000000F03 /* PDFToolbox.entitlements */,
				A1B2C3D40000000000001001 /* PDFToolbox */,
				A1B2C3D40000000000001002 /* PDFToolboxTests */,
				A1B2C3D40000000000003002 /* Products */,
			);
			sourceTree = "<group>";
		};
		A1B2C3D40000000000003002 /* Products */ = {
			isa = PBXGroup;
			children = (
				A1B2C3D40000000000000F01 /* PDFToolbox.app */,
				A1B2C3D40000000000000F02 /* PDFToolboxTests.xctest */,
			);
			name = Products;
			sourceTree = "<group>";
		};
/* End PBXGroup section */

/* Begin PBXNativeTarget section */
		A1B2C3D40000000000000E01 /* PDFToolbox */ = {
			isa = PBXNativeTarget;
			buildConfigurationList = A1B2C3D40000000000004001 /* Build configuration list for PBXNativeTarget "PDFToolbox" */;
			buildPhases = (
				A1B2C3D40000000000005001 /* Sources */,
				A1B2C3D40000000000002001 /* Frameworks */,
				A1B2C3D40000000000006001 /* Resources */,
			);
			buildRules = (
			);
			dependencies = (
			);
			fileSystemSynchronizedGroups = (
				A1B2C3D40000000000001001 /* PDFToolbox */,
			);
			name = PDFToolbox;
			packageProductDependencies = (
				A1B2C3D40000000000000C01 /* ScanCore */,
				A1B2C3D40000000000000C02 /* PDFCore */,
				A1B2C3D40000000000000C03 /* ScanSession */,
			);
			productName = PDFToolbox;
			productReference = A1B2C3D40000000000000F01 /* PDFToolbox.app */;
			productType = "com.apple.product-type.application";
		};
		A1B2C3D40000000000000E02 /* PDFToolboxTests */ = {
			isa = PBXNativeTarget;
			buildConfigurationList = A1B2C3D40000000000004002 /* Build configuration list for PBXNativeTarget "PDFToolboxTests" */;
			buildPhases = (
				A1B2C3D40000000000005002 /* Sources */,
				A1B2C3D40000000000002002 /* Frameworks */,
				A1B2C3D40000000000006002 /* Resources */,
			);
			buildRules = (
			);
			dependencies = (
				A1B2C3D40000000000007001 /* PBXTargetDependency */,
			);
			fileSystemSynchronizedGroups = (
				A1B2C3D40000000000001002 /* PDFToolboxTests */,
			);
			name = PDFToolboxTests;
			productName = PDFToolboxTests;
			productReference = A1B2C3D40000000000000F02 /* PDFToolboxTests.xctest */;
			productType = "com.apple.product-type.bundle.unit-test";
		};
/* End PBXNativeTarget section */

/* Begin PBXProject section */
		A1B2C3D40000000000000001 /* Project object */ = {
			isa = PBXProject;
			attributes = {
				BuildIndependentTargetsInParallel = 1;
				LastSwiftUpdateCheck = 2640;
				LastUpgradeCheck = 2640;
				TargetAttributes = {
					A1B2C3D40000000000000E01 = {
						CreatedOnToolsVersion = 26.4;
					};
					A1B2C3D40000000000000E02 = {
						CreatedOnToolsVersion = 26.4;
						TestTargetID = A1B2C3D40000000000000E01;
					};
				};
			};
			buildConfigurationList = A1B2C3D40000000000004000 /* Build configuration list for PBXProject "PDFToolbox" */;
			developmentRegion = en;
			hasScannedForEncodings = 0;
			knownRegions = (
				en,
				fr,
				Base,
			);
			mainGroup = A1B2C3D40000000000003001;
			minimizedProjectReferenceProxies = 1;
			packageReferences = (
				A1B2C3D40000000000008001 /* XCLocalSwiftPackageReference "../../Packages/Core" */,
			);
			preferredProjectObjectVersion = 77;
			productRefGroup = A1B2C3D40000000000003002 /* Products */;
			projectDirPath = "";
			projectRoot = "";
			targets = (
				A1B2C3D40000000000000E01 /* PDFToolbox */,
				A1B2C3D40000000000000E02 /* PDFToolboxTests */,
			);
		};
/* End PBXProject section */

/* Begin PBXResourcesBuildPhase section */
		A1B2C3D40000000000006001 /* Resources */ = {
			isa = PBXResourcesBuildPhase;
			buildActionMask = 2147483647;
			files = (
			);
			runOnlyForDeploymentPostprocessing = 0;
		};
		A1B2C3D40000000000006002 /* Resources */ = {
			isa = PBXResourcesBuildPhase;
			buildActionMask = 2147483647;
			files = (
			);
			runOnlyForDeploymentPostprocessing = 0;
		};
/* End PBXResourcesBuildPhase section */

/* Begin PBXSourcesBuildPhase section */
		A1B2C3D40000000000005001 /* Sources */ = {
			isa = PBXSourcesBuildPhase;
			buildActionMask = 2147483647;
			files = (
			);
			runOnlyForDeploymentPostprocessing = 0;
		};
		A1B2C3D40000000000005002 /* Sources */ = {
			isa = PBXSourcesBuildPhase;
			buildActionMask = 2147483647;
			files = (
			);
			runOnlyForDeploymentPostprocessing = 0;
		};
/* End PBXSourcesBuildPhase section */

/* Begin PBXTargetDependency section */
		A1B2C3D40000000000007001 /* PBXTargetDependency */ = {
			isa = PBXTargetDependency;
			target = A1B2C3D40000000000000E01 /* PDFToolbox */;
			targetProxy = A1B2C3D40000000000000D01 /* PBXContainerItemProxy */;
		};
/* End PBXTargetDependency section */

/* Begin XCBuildConfiguration section */
		A1B2C3D40000000000009001 /* Debug */ = {
			isa = XCBuildConfiguration;
			buildSettings = {
				ALWAYS_SEARCH_USER_PATHS = NO;
				CLANG_ENABLE_MODULES = YES;
				CLANG_ENABLE_OBJC_ARC = YES;
				COPY_PHASE_STRIP = NO;
				DEBUG_INFORMATION_FORMAT = dwarf;
				ENABLE_STRICT_OBJC_MSGSEND = YES;
				ENABLE_TESTABILITY = YES;
				ENABLE_USER_SCRIPT_SANDBOXING = YES;
				GCC_OPTIMIZATION_LEVEL = 0;
				GCC_PREPROCESSOR_DEFINITIONS = (
					"DEBUG=1",
					"$(inherited)",
				);
				LOCALIZATION_PREFERS_STRING_CATALOGS = YES;
				MACOSX_DEPLOYMENT_TARGET = 15.0;
				ONLY_ACTIVE_ARCH = YES;
				SDKROOT = macosx;
				SWIFT_ACTIVE_COMPILATION_CONDITIONS = "DEBUG $(inherited)";
				SWIFT_EMIT_LOC_STRINGS = YES;
				SWIFT_OPTIMIZATION_LEVEL = "-Onone";
				SWIFT_VERSION = 6.0;
			};
			name = Debug;
		};
		A1B2C3D40000000000009002 /* Release */ = {
			isa = XCBuildConfiguration;
			buildSettings = {
				ALWAYS_SEARCH_USER_PATHS = NO;
				CLANG_ENABLE_MODULES = YES;
				CLANG_ENABLE_OBJC_ARC = YES;
				COPY_PHASE_STRIP = NO;
				DEBUG_INFORMATION_FORMAT = "dwarf-with-dsym";
				ENABLE_NS_ASSERTIONS = NO;
				ENABLE_STRICT_OBJC_MSGSEND = YES;
				ENABLE_USER_SCRIPT_SANDBOXING = YES;
				LOCALIZATION_PREFERS_STRING_CATALOGS = YES;
				MACOSX_DEPLOYMENT_TARGET = 15.0;
				SDKROOT = macosx;
				SWIFT_COMPILATION_MODE = wholemodule;
				SWIFT_EMIT_LOC_STRINGS = YES;
				SWIFT_VERSION = 6.0;
			};
			name = Release;
		};
		A1B2C3D40000000000009003 /* Debug */ = {
			isa = XCBuildConfiguration;
			buildSettings = {
				ASSETCATALOG_COMPILER_APPICON_NAME = HolyPDF;
				ASSETCATALOG_COMPILER_GLOBAL_ACCENT_COLOR_NAME = AccentColor;
				CODE_SIGN_ENTITLEMENTS = PDFToolbox.entitlements;
				CODE_SIGN_IDENTITY = "-";
				CODE_SIGN_STYLE = Manual;
				COMBINE_HIDPI_IMAGES = YES;
				CURRENT_PROJECT_VERSION = 1;
				ENABLE_HARDENED_RUNTIME = YES;
				GENERATE_INFOPLIST_FILE = YES;
				INFOPLIST_KEY_CFBundleDisplayName = "Holy PDF";
				INFOPLIST_KEY_LSApplicationCategoryType = "public.app-category.productivity";
				LD_RUNPATH_SEARCH_PATHS = (
					"$(inherited)",
					"@executable_path/../Frameworks",
				);
				MARKETING_VERSION = 0.1;
				PRODUCT_BUNDLE_IDENTIFIER = com.snouzy.pdftoolbox;
				PRODUCT_MODULE_NAME = PDFToolbox;
				PRODUCT_NAME = "Holy PDF";
			};
			name = Debug;
		};
		A1B2C3D40000000000009004 /* Release */ = {
			isa = XCBuildConfiguration;
			buildSettings = {
				ASSETCATALOG_COMPILER_APPICON_NAME = HolyPDF;
				ASSETCATALOG_COMPILER_GLOBAL_ACCENT_COLOR_NAME = AccentColor;
				CODE_SIGN_ENTITLEMENTS = PDFToolbox.entitlements;
				CODE_SIGN_IDENTITY = "-";
				CODE_SIGN_STYLE = Manual;
				COMBINE_HIDPI_IMAGES = YES;
				CURRENT_PROJECT_VERSION = 1;
				ENABLE_HARDENED_RUNTIME = YES;
				GENERATE_INFOPLIST_FILE = YES;
				INFOPLIST_KEY_CFBundleDisplayName = "Holy PDF";
				INFOPLIST_KEY_LSApplicationCategoryType = "public.app-category.productivity";
				LD_RUNPATH_SEARCH_PATHS = (
					"$(inherited)",
					"@executable_path/../Frameworks",
				);
				MARKETING_VERSION = 0.1;
				PRODUCT_BUNDLE_IDENTIFIER = com.snouzy.pdftoolbox;
				PRODUCT_MODULE_NAME = PDFToolbox;
				PRODUCT_NAME = "Holy PDF";
			};
			name = Release;
		};
		A1B2C3D40000000000009005 /* Debug */ = {
			isa = XCBuildConfiguration;
			buildSettings = {
				BUNDLE_LOADER = "$(TEST_HOST)";
				CODE_SIGN_IDENTITY = "-";
				CODE_SIGN_STYLE = Manual;
				GENERATE_INFOPLIST_FILE = YES;
				PRODUCT_BUNDLE_IDENTIFIER = com.snouzy.pdftoolbox.tests;
				PRODUCT_NAME = "$(TARGET_NAME)";
				TEST_HOST = "$(BUILT_PRODUCTS_DIR)/Holy PDF.app/Contents/MacOS/Holy PDF";
			};
			name = Debug;
		};
		A1B2C3D40000000000009006 /* Release */ = {
			isa = XCBuildConfiguration;
			buildSettings = {
				BUNDLE_LOADER = "$(TEST_HOST)";
				CODE_SIGN_IDENTITY = "-";
				CODE_SIGN_STYLE = Manual;
				GENERATE_INFOPLIST_FILE = YES;
				PRODUCT_BUNDLE_IDENTIFIER = com.snouzy.pdftoolbox.tests;
				PRODUCT_NAME = "$(TARGET_NAME)";
				TEST_HOST = "$(BUILT_PRODUCTS_DIR)/Holy PDF.app/Contents/MacOS/Holy PDF";
			};
			name = Release;
		};
/* End XCBuildConfiguration section */

/* Begin XCConfigurationList section */
		A1B2C3D40000000000004000 /* Build configuration list for PBXProject "PDFToolbox" */ = {
			isa = XCConfigurationList;
			buildConfigurations = (
				A1B2C3D40000000000009001 /* Debug */,
				A1B2C3D40000000000009002 /* Release */,
			);
			defaultConfigurationIsVisible = 0;
			defaultConfigurationName = Release;
		};
		A1B2C3D40000000000004001 /* Build configuration list for PBXNativeTarget "PDFToolbox" */ = {
			isa = XCConfigurationList;
			buildConfigurations = (
				A1B2C3D40000000000009003 /* Debug */,
				A1B2C3D40000000000009004 /* Release */,
			);
			defaultConfigurationIsVisible = 0;
			defaultConfigurationName = Release;
		};
		A1B2C3D40000000000004002 /* Build configuration list for PBXNativeTarget "PDFToolboxTests" */ = {
			isa = XCConfigurationList;
			buildConfigurations = (
				A1B2C3D40000000000009005 /* Debug */,
				A1B2C3D40000000000009006 /* Release */,
			);
			defaultConfigurationIsVisible = 0;
			defaultConfigurationName = Release;
		};
/* End XCConfigurationList section */

/* Begin XCLocalSwiftPackageReference section */
		A1B2C3D40000000000008001 /* XCLocalSwiftPackageReference "../../Packages/Core" */ = {
			isa = XCLocalSwiftPackageReference;
			relativePath = ../../Packages/Core;
		};
/* End XCLocalSwiftPackageReference section */

/* Begin XCSwiftPackageProductDependency section */
		A1B2C3D40000000000000C01 /* ScanCore */ = {
			isa = XCSwiftPackageProductDependency;
			productName = ScanCore;
		};
		A1B2C3D40000000000000C02 /* PDFCore */ = {
			isa = XCSwiftPackageProductDependency;
			productName = PDFCore;
		};
		A1B2C3D40000000000000C03 /* ScanSession */ = {
			isa = XCSwiftPackageProductDependency;
			productName = ScanSession;
		};
/* End XCSwiftPackageProductDependency section */
	};
	rootObject = A1B2C3D40000000000000001 /* Project object */;
}
